
Microsoft Visual Studio Solution File, Format Version 12.00
# Visual Studio Version 16
VisualStudioVersion = 25.0.1706.4
MinimumVisualStudioVersion = 10.0.40219.1
Project("{FAE04EC0-301F-11D3-BF4B-00C04F79EFBC}") = "10-module-home-work", "10-module-home-work\10-module-home-work.csproj", "{1F59654E-2578-497C-9C94-0711C82388DD}"
EndProject
Global
	GlobalSection(SolutionConfigurationPlatforms) = preSolution
		Debug|Any CPU = Debug|Any CPU
		Release|Any CPU = Release|Any CPU
	EndGlobalSection
	GlobalSection(ProjectConfigurationPlatforms) = postSolution
		{1F59654E-2578-497C-9C94-0711C82388DD}.Debug|Any CPU.ActiveCfg = Debug|Any CPU
		{1F59654E-2578-497C-9C94-0711C82388DD}.Debug|Any CPU.Build.0 = Debug|Any CPU
		{1F59654E-2578-497C-9C94-0711C82388DD}.Release|Any CPU.ActiveCfg = Release|Any CPU
		{1F59654E-2578-497C-9C94-0711C82388DD}.Release|Any CPU.Build.0 = Release|Any CPU
	EndGlobalSection
	GlobalSection(SolutionProperties) = preSolution
		HideSolutionNode = FALSE
	EndGlobalSection
	GlobalSection(ExtensibilityGlobals) = postSolution
		SolutionGuid = {955D92B6-5CFA-454E-90E8-7659FA22AD7E}
	EndGlobalSection
EndGlobal
